
Microsoft Visual Studio Solution File, Format Version 11.00
# Visual Studio 2010
Project("{FAE04EC0-301F-11D3-BF4B-00C04F79EFBC}") = "imcode.ObjectToObjectMapping", "ObjectToObjectMappingDomain\imcode.ObjectToObjectMapping.csproj", "{1895E46E-8140-48A0-BC3C-1EF54B349782}"
EndProject
Project("{FAE04EC0-301F-11D3-BF4B-00C04F79EFBC}") = "imcode.ObjectToObjectMappingTests", "imcode.ObjectToObjectMappingTests\imcode.ObjectToObjectMappingTests.csproj", "{77DAA9B9-3E57-4889-82A4-B988016404E8}"
EndProject
Global
	GlobalSection(SolutionConfigurationPlatforms) = preSolution
		Debug|Any CPU = Debug|Any CPU
		Release|Any CPU = Release|Any CPU
	EndGlobalSection
	GlobalSection(ProjectConfigurationPlatforms) = postSolution
		{1895E46E-8140-48A0-BC3C-1EF54B349782}.Debug|Any CPU.ActiveCfg = Debug|Any CPU
		{1895E46E-8140-48A0-BC3C-1EF54B349782}.Debug|Any CPU.Build.0 = Debug|Any CPU
		{1895E46E-8140-48A0-BC3C-1EF54B349782}.Release|Any CPU.ActiveCfg = Release|Any CPU
		{1895E46E-8140-48A0-BC3C-1EF54B349782}.Release|Any CPU.Build.0 = Release|Any CPU
		{77DAA9B9-3E57-4889-82A4-B988016404E8}.Debug|Any CPU.ActiveCfg = Debug|Any CPU
		{77DAA9B9-3E57-4889-82A4-B988016404E8}.Debug|Any CPU.Build.0 = Debug|Any CPU
		{77DAA9B9-3E57-4889-82A4-B988016404E8}.Release|Any CPU.ActiveCfg = Release|Any CPU
		{77DAA9B9-3E57-4889-82A4-B988016404E8}.Release|Any CPU.Build.0 = Release|Any CPU
	EndGlobalSection
	GlobalSection(SolutionProperties) = preSolution
		HideSolutionNode = FALSE
	EndGlobalSection
EndGlobal
